// !$*UTF8*$!
{
	archiveVersion = 1;
	classes = {
	};
	objectVersion = 51;
	objects = {

/* Begin PBXBuildFile section */
		A079D1B957C58CD60390B592 /* Pods_StudyRxSwift.framework in Frameworks */ = {isa = PBXBuildFile; fileRef = 45F7262E9968E2C19FB6C16E /* Pods_StudyRxSwift.framework */; };
		D45D9157261581500023FEB3 /* AppDelegate.swift in Sources */ = {isa = PBXBuildFile; fileRef = D45D9156261581500023FEB3 /* AppDelegate.swift */; };
		D45D9159261581500023FEB3 /* SceneDelegate.swift in Sources */ = {isa = PBXBuildFile; fileRef = D45D9158261581500023FEB3 /* SceneDelegate.swift */; };
		D45D915B261581500023FEB3 /* CounterViewController.swift in Sources */ = {isa = PBXBuildFile; fileRef = D45D915A261581500023FEB3 /* CounterViewController.swift */; };
		D45D915E261581510023FEB3 /* Main.storyboard in Resources */ = {isa = PBXBuildFile; fileRef = D45D915C261581510023FEB3 /* Main.storyboard */; };
		D45D9160261581510023FEB3 /* Assets.xcassets in Resources */ = {isa = PBXBuildFile; fileRef = D45D915F261581510023FEB3 /* Assets.xcassets */; };
		D45D9163261581510023FEB3 /* LaunchScreen.storyboard in Resources */ = {isa = PBXBuildFile; fileRef = D45D9161261581510023FEB3 /* LaunchScreen.storyboard */; };
		D474DDCC2616F1340019B3E3 /* TableViewController.swift in Sources */ = {isa = PBXBuildFile; fileRef = D474DDCB2616F1340019B3E3 /* TableViewController.swift */; };
/* End PBXBuildFile section */

/* Begin PBXFileReference section */
		45F7262E9968E2C19FB6C16E /* Pods_StudyRxSwift.framework */ = {isa = PBXFileReference; explicitFileType = wrapper.framework; includeInIndex = 0; path = Pods_StudyRxSwift.framework; sourceTree = BUILT_PRODUCTS_DIR; };
		99B96B2B327C2C66E19CB29C /* Pods-StudyRxSwift.release.xcconfig */ = {isa = PBXFileReference; includeInIndex = 1; lastKnownFileType = text.xcconfig; name = "Pods-StudyRxSwift.release.xcconfig"; path = "Target Support Files/Pods-StudyRxSwift/Pods-StudyRxSwift.release.xcconfig"; sourceTree = "<group>"; };
		A7F271B533860E6FB467006A /* Pods-StudyRxSwift.debug.xcconfig */ = {isa = PBXFileReference; includeInIndex = 1; lastKnownFileType = text.xcconfig; name = "Pods-StudyRxSwift.debug.xcconfig"; path = "Target Support Files/Pods-StudyRxSwift/Pods-StudyRxSwift.debug.xcconfig"; sourceTree = "<group>"; };
		D45D9153261581500023FEB3 /* StudyRxSwift.app */ = {isa = PBXFileReference; explicitFileType = wrapper.application; includeInIndex = 0; path = StudyRxSwift.app; sourceTree = BUILT_PRODUCTS_DIR; };
		D45D9156261581500023FEB3 /* AppDelegate.swift */ = {isa = PBXFileReference; lastKnownFileType = sourcecode.swift; path = AppDelegate.swift; sourceTree = "<group>"; };
		D45D9158261581500023FEB3 /* SceneDelegate.swift */ = {isa = PBXFileReference; lastKnownFileType = sourcecode.swift; path = SceneDelegate.swift; sourceTree = "<group>"; };
		D45D915A261581500023FEB3 /* CounterViewController.swift */ = {isa = PBXFileReference; lastKnownFileType = sourcecode.swift; path = CounterViewController.swift; sourceTree = "<group>"; };
		D45D915D261581510023FEB3 /* Base */ = {isa = PBXFileReference; lastKnownFileType = file.storyboard; name = Base; path = Base.lproj/Main.storyboard; sourceTree = "<group>"; };
		D45D915F261581510023FEB3 /* Assets.xcassets */ = {isa = PBXFileReference; lastKnownFileType = folder.assetcatalog; path = Assets.xcassets; sourceTree = "<group>"; };
		D45D9162261581510023FEB3 /* Base */ = {isa = PBXFileReference; lastKnownFileType = file.storyboard; name = Base; path = Base.lproj/LaunchScreen.storyboard; sourceTree = "<group>"; };
		D45D9164261581510023FEB3 /* Info.plist */ = {isa = PBXFileReference; lastKnownFileType = text.plist.xml; path = Info.plist; sourceTree = "<group>"; };
		D474DDCB2616F1340019B3E3 /* TableViewController.swift */ = {isa = PBXFileReference; lastKnownFileType = sourcecode.swift; path = TableViewController.swift; sourceTree = "<group>"; };
/* End PBXFileReference section */

/* Begin PBXFrameworksBuildPhase section */
		D45D9150261581500023FEB3 /* Frameworks */ = {
			isa = PBXFrameworksBuildPhase;
			buildActionMask = 2147483647;
			files = (
				A079D1B957C58CD60390B592 /* Pods_StudyRxSwift.framework in Frameworks */,
			);
			runOnlyForDeploymentPostprocessing = 0;
		};
/* End PBXFrameworksBuildPhase section */

/* Begin PBXGroup section */
		AA7A3EE41A7603887A242E6E /* Pods */ = {
			isa = PBXGroup;
			children = (
				A7F271B533860E6FB467006A /* Pods-StudyRxSwift.debug.xcconfig */,
				99B96B2B327C2C66E19CB29C /* Pods-StudyRxSwift.release.xcconfig */,
			);
			path = Pods;
			sourceTree = "<group>";
		};
		D45D914A261581500023FEB3 = {
			isa = PBXGroup;
			children = (
				D45D9155261581500023FEB3 /* StudyRxSwift */,
				D45D9154261581500023FEB3 /* Products */,
				AA7A3EE41A7603887A242E6E /* Pods */,
				F9CA4EC8D0F2CBAAD75FBEFC /* Frameworks */,
			);
			sourceTree = "<group>";
		};
		D45D9154261581500023FEB3 /* Products */ = {
			isa = PBXGroup;
			children = (
				D45D9153261581500023FEB3 /* StudyRxSwift.app */,
			);
			name = Products;
			sourceTree = "<group>";
		};
		D45D9155261581500023FEB3 /* StudyRxSwift */ = {
			isa = PBXGroup;
			children = (
				D45D9156261581500023FEB3 /* AppDelegate.swift */,
				D45D9158261581500023FEB3 /* SceneDelegate.swift */,
				D474DDCA2616F0B70019B3E3 /* Scene */,
				D45D915C261581510023FEB3 /* Main.storyboard */,
				D45D915F261581510023FEB3 /* Assets.xcassets */,
				D45D9161261581510023FEB3 /* LaunchScreen.storyboard */,
				D45D9164261581510023FEB3 /* Info.plist */,
			);
			path = StudyRxSwift;
			sourceTree = "<group>";
		};
		D474DDCA2616F0B70019B3E3 /* Scene */ = {
			isa = PBXGroup;
			children = (
				D45D915A261581500023FEB3 /* CounterViewController.swift */,
				D474DDCB2616F1340019B3E3 /* TableViewController.swift */,
			);
			path = Scene;
			sourceTree = "<group>";
		};
		F9CA4EC8D0F2CBAAD75FBEFC /* Frameworks */ = {
			isa = PBXGroup;
			children = (
				45F7262E9968E2C19FB6C16E /* Pods_StudyRxSwift.framework */,
			);
			name = Frameworks;
			sourceTree = "<group>";
		};
/* End PBXGroup section */

/* Begin PBXNativeTarget section */
		D45D9152261581500023FEB3 /* StudyRxSwift */ = {
			isa = PBXNativeTarget;
			buildConfigurationList = D45D9167261581510023FEB3 /* Build configuration list for PBXNativeTarget "StudyRxSwift" */;
			buildPhases = (
				899FA6025BED9744D26080F9 /* [CP] Check Pods Manifest.lock */,
				D45D914F261581500023FEB3 /* Sources */,
				D45D9150261581500023FEB3 /* Frameworks */,
				D45D9151261581500023FEB3 /* Resources */,
				4F26F783814B2C0BFB5D6904 /* [CP] Embed Pods Frameworks */,
			);
			buildRules = (
			);
			dependencies = (
			);
			name = StudyRxSwift;
			productName = StudyRxSwift;
			productReference = D45D9153261581500023FEB3 /* StudyRxSwift.app */;
			productType = "com.apple.product-type.application";
		};
/* End PBXNativeTarget section */

/* Begin PBXProject section */
		D45D914B261581500023FEB3 /* Project object */ = {
			isa = PBXProject;
			attributes = {
				LastSwiftUpdateCheck = 1240;
				LastUpgradeCheck = 1240;
				TargetAttributes = {
					D45D9152261581500023FEB3 = {
						CreatedOnToolsVersion = 12.4;
					};
				};
			};
			buildConfigurationList = D45D914E261581500023FEB3 /* Build configuration list for PBXProject "StudyRxSwift" */;
			compatibilityVersion = "Xcode 9.3";
			developmentRegion = en;
			hasScannedForEncodings = 0;
			knownRegions = (
				en,
				Base,
			);
			mainGroup = D45D914A261581500023FEB3;
			productRefGroup = D45D9154261581500023FEB3 /* Products */;
			projectDirPath = "";
			projectRoot = "";
			targets = (
				D45D9152261581500023FEB3 /* StudyRxSwift */,
			);
		};
/* End PBXProject section */

/* Begin PBXResourcesBuildPhase section */
		D45D9151261581500023FEB3 /* Resources */ = {
			isa = PBXResourcesBuildPhase;
			buildActionMask = 2147483647;
			files = (
				D45D9163261581510023FEB3 /* LaunchScreen.storyboard in Resources */,
				D45D9160261581510023FEB3 /* Assets.xcassets in Resources */,
				D45D915E261581510023FEB3 /* Main.storyboard in Resources */,
			);
			runOnlyForDeploymentPostprocessing = 0;
		};
/* End PBXResourcesBuildPhase section */

/* Begin PBXShellScriptBuildPhase section */
		4F26F783814B2C0BFB5D6904 /* [CP] Embed Pods Frameworks */ = {
			isa = PBXShellScriptBuildPhase;
			buildActionMask = 2147483647;
			files = (
			);
			inputFileListPaths = (
				"${PODS_ROOT}/Target Support Files/Pods-StudyRxSwift/Pods-StudyRxSwift-frameworks-${CONFIGURATION}-input-files.xcfilelist",
			);
			name = "[CP] Embed Pods Frameworks";
			outputFileListPaths = (
				"${PODS_ROOT}/Target Support Files/Pods-StudyRxSwift/Pods-StudyRxSwift-frameworks-${CONFIGURATION}-output-files.xcfilelist",
			);
			runOnlyForDeploymentPostprocessing = 0;
			shellPath = /bin/sh;
			shellScript = "\"${PODS_ROOT}/Target Support Files/Pods-StudyRxSwift/Pods-StudyRxSwift-frameworks.sh\"\n";
			showEnvVarsInLog = 0;
		};
		899FA6025BED9744D26080F9 /* [CP] Check Pods Manifest.lock */ = {
			isa = PBXShellScriptBuildPhase;
			buildActionMask = 2147483647;
			files = (
			);
			inputFileListPaths = (
			);
			inputPaths = (
				"${PODS_PODFILE_DIR_PATH}/Podfile.lock",
				"${PODS_ROOT}/Manifest.lock",
			);
			name = "[CP] Check Pods Manifest.lock";
			outputFileListPaths = (
			);
			outputPaths = (
				"$(DERIVED_FILE_DIR)/Pods-StudyRxSwift-checkManifestLockResult.txt",
			);
			runOnlyForDeploymentPostprocessing = 0;
			shellPath = /bin/sh;
			shellScript = "diff \"${PODS_PODFILE_DIR_PATH}/Podfile.lock\" \"${PODS_ROOT}/Manifest.lock\" > /dev/null\nif [ $? != 0 ] ; then\n    # print error to STDERR\n    echo \"error: The sandbox is not in sync with the Podfile.lock. Run 'pod install' or update your CocoaPods installation.\" >&2\n    exit 1\nfi\n# This output is used by Xcode 'outputs' to avoid re-running this script phase.\necho \"SUCCESS\" > \"${SCRIPT_OUTPUT_FILE_0}\"\n";
			showEnvVarsInLog = 0;
		};
/* End PBXShellScriptBuildPhase section */

/* Begin PBXSourcesBuildPhase section */
		D45D914F261581500023FEB3 /* Sources */ = {
			isa = PBXSourcesBuildPhase;
			buildActionMask = 2147483647;
			files = (
				D45D915B261581500023FEB3 /* CounterViewController.swift in Sources */,
				D45D9157261581500023FEB3 /* AppDelegate.swift in Sources */,
				D45D9159261581500023FEB3 /* SceneDelegate.swift in Sources */,
				D474DDCC2616F1340019B3E3 /* TableViewController.swift in Sources */,
			);
			runOnlyForDeploymentPostprocessing = 0;
		};
/* End PBXSourcesBuildPhase section */

/* Begin PBXVariantGroup section */
		D45D915C261581510023FEB3 /* Main.storyboard */ = {
			isa = PBXVariantGroup;
			children = (
				D45D915D261581510023FEB3 /* Base */,
			);
			name = Main.storyboard;
			sourceTree = "<group>";
		};
		D45D9161261581510023FEB3 /* LaunchScreen.storyboard */ = {
			isa = PBXVariantGroup;
			children = (
				D45D9162261581510023FEB3 /* Base */,
			);
			name = LaunchScreen.storyboard;
			sourceTree = "<group>";
		};
/* End PBXVariantGroup section */

/* Begin XCBuildConfiguration section */
		D45D9165261581510023FEB3 /* Debug */ = {
			isa = XCBuildConfiguration;
			buildSettings = {
				ALWAYS_SEARCH_USER_PATHS = NO;
				CLANG_ANALYZER_NONNULL = YES;
				CLANG_ANALYZER_NUMBER_OBJECT_CONVERSION = YES_AGGRESSIVE;
				CLANG_CXX_LANGUAGE_STANDARD = "gnu++14";
				CLANG_CXX_LIBRARY = "libc++";
				CLANG_ENABLE_MODULES = YES;
				CLANG_ENABLE_OBJC_ARC = YES;
				CLANG_ENABLE_OBJC_WEAK = YES;
				CLANG_WARN_BLOCK_CAPTURE_AUTORELEASING = YES;
				CLANG_WARN_BOOL_CONVERSION = YES;
				CLANG_WARN_COMMA = YES;
				CLANG_WARN_CONSTANT_CONVERSION = YES;
				CLANG_WARN_DEPRECATED_OBJC_IMPLEMENTATIONS = YES;
				CLANG_WARN_DIRECT_OBJC_ISA_USAGE = YES_ERROR;
				CLANG_WARN_DOCUMENTATION_COMMENTS = YES;
				CLANG_WARN_EMPTY_BODY = YES;
				CLANG_WARN_ENUM_CONVERSION = YES;
				CLANG_WARN_INFINITE_RECURSION = YES;
				CLANG_WARN_INT_CONVERSION = YES;
				CLANG_WARN_NON_LITERAL_NULL_CONVERSION = YES;
				CLANG_WARN_OBJC_IMPLICIT_RETAIN_SELF = YES;
				CLANG_WARN_OBJC_LITERAL_CONVERSION = YES;
				CLANG_WARN_OBJC_ROOT_CLASS = YES_ERROR;
				CLANG_WARN_QUOTED_INCLUDE_IN_FRAMEWORK_HEADER = YES;
				CLANG_WARN_RANGE_LOOP_ANALYSIS = YES;
				CLANG_WARN_STRICT_PROTOTYPES = YES;
				CLANG_WARN_SUSPICIOUS_MOVE = YES;
				CLANG_WARN_UNGUARDED_AVAILABILITY = YES_AGGRESSIVE;
				CLANG_WARN_UNREACHABLE_CODE = YES;
				CLANG_WARN__DUPLICATE_METHOD_MATCH = YES;
				COPY_PHASE_STRIP = NO;
				DEBUG_INFORMATION_FORMAT = dwarf;
				ENABLE_STRICT_OBJC_MSGSEND = YES;
				ENABLE_TESTABILITY = YES;
				GCC_C_LANGUAGE_STANDARD = gnu11;
				GCC_DYNAMIC_NO_PIC = NO;
				GCC_NO_COMMON_BLOCKS = YES;
				GCC_OPTIMIZATION_LEVEL = 0;
				GCC_PREPROCESSOR_DEFINITIONS = (
					"DEBUG=1",
					"$(inherited)",
				);
				GCC_WARN_64_TO_32_BIT_CONVERSION = YES;
				GCC_WARN_ABOUT_RETURN_TYPE = YES_ERROR;
				GCC_WARN_UNDECLARED_SELECTOR = YES;
				GCC_WARN_UNINITIALIZED_AUTOS = YES_AGGRESSIVE;
				GCC_WARN_UNUSED_FUNCTION = YES;
				GCC_WARN_UNUSED_VARIABLE = YES;
				IPHONEOS_DEPLOYMENT_TARGET = 14.4;
				MTL_ENABLE_DEBUG_INFO = INCLUDE_SOURCE;
				MTL_FAST_MATH = YES;
				ONLY_ACTIVE_ARCH = YES;
				SDKROOT = iphoneos;
				SWIFT_ACTIVE_COMPILATION_CONDITIONS = DEBUG;
				SWIFT_OPTIMIZATION_LEVEL = "-Onone";
			};
			name = Debug;
		};
		D45D9166261581510023FEB3 /* Release */ = {
			isa = XCBuildConfiguration;
			buildSettings = {
				ALWAYS_SEARCH_USER_PATHS = NO;
				CLANG_ANALYZER_NONNULL = YES;
				CLANG_ANALYZER_NUMBER_OBJECT_CONVERSION = YES_AGGRESSIVE;
				CLANG_CXX_LANGUAGE_STANDARD = "gnu++14";
				CLANG_CXX_LIBRARY = "libc++";
				CLANG_ENABLE_MODULES = YES;
				CLANG_ENABLE_OBJC_ARC = YES;
				CLANG_ENABLE_OBJC_WEAK = YES;
				CLANG_WARN_BLOCK_CAPTURE_AUTORELEASING = YES;
				CLANG_WARN_BOOL_CONVERSION = YES;
				CLANG_WARN_COMMA = YES;
				CLANG_WARN_CONSTANT_CONVERSION = YES;
				CLANG_WARN_DEPRECATED_OBJC_IMPLEMENTATIONS = YES;
				CLANG_WARN_DIRECT_OBJC_ISA_USAGE = YES_ERROR;
				CLANG_WARN_DOCUMENTATION_COMMENTS = YES;
				CLANG_WARN_EMPTY_BODY = YES;
				CLANG_WARN_ENUM_CONVERSION = YES;
				CLANG_WARN_INFINITE_RECURSION = YES;
				CLANG_WARN_INT_CONVERSION = YES;
				CLANG_WARN_NON_LITERAL_NULL_CONVERSION = YES;
				CLANG_WARN_OBJC_IMPLICIT_RETAIN_SELF = YES;
				CLANG_WARN_OBJC_LITERAL_CONVERSION = YES;
				CLANG_WARN_OBJC_ROOT_CLASS = YES_ERROR;
				CLANG_WARN_QUOTED_INCLUDE_IN_FRAMEWORK_HEADER = YES;
				CLANG_WARN_RANGE_LOOP_ANALYSIS = YES;
				CLANG_WARN_STRICT_PROTOTYPES = YES;
				CLANG_WARN_SUSPICIOUS_MOVE = YES;
				CLANG_WARN_UNGUARDED_AVAILABILITY = YES_AGGRESSIVE;
				CLANG_WARN_UNREACHABLE_CODE = YES;
				CLANG_WARN__DUPLICATE_METHOD_MATCH = YES;
				COPY_PHASE_STRIP = NO;
				DEBUG_INFORMATION_FORMAT = "dwarf-with-dsym";
				ENABLE_NS_ASSERTIONS = NO;
				ENABLE_STRICT_OBJC_MSGSEND = YES;
				GCC_C_LANGUAGE_STANDARD = gnu11;
				GCC_NO_COMMON_BLOCKS = YES;
				GCC_WARN_64_TO_32_BIT_CONVERSION = YES;
				GCC_WARN_ABOUT_RETURN_TYPE = YES_ERROR;
				GCC_WARN_UNDECLARED_SELECTOR = YES;
				GCC_WARN_UNINITIALIZED_AUTOS = YES_AGGRESSIVE;
				GCC_WARN_UNUSED_FUNCTION = YES;
				GCC_WARN_UNUSED_VARIABLE = YES;
				IPHONEOS_DEPLOYMENT_TARGET = 14.4;
				MTL_ENABLE_DEBUG_INFO = NO;
				MTL_FAST_MATH = YES;
				SDKROOT = iphoneos;
				SWIFT_COMPILATION_MODE = wholemodule;
				SWIFT_OPTIMIZATION_LEVEL = "-O";
				VALIDATE_PRODUCT = YES;
			};
			name = Release;
		};
		D45D9168261581510023FEB3 /* Debug */ = {
			isa = XCBuildConfiguration;
			baseConfigurationReference = A7F271B533860E6FB467006A /* Pods-StudyRxSwift.debug.xcconfig */;
			buildSettings = {
				ASSETCATALOG_COMPILER_APPICON_NAME = AppIcon;
				ASSETCATALOG_COMPILER_GLOBAL_ACCENT_COLOR_NAME = AccentColor;
				CODE_SIGN_STYLE = Automatic;
				DEVELOPMENT_TEAM = 38DT2DCWWK;
				INFOPLIST_FILE = StudyRxSwift/Info.plist;
				LD_RUNPATH_SEARCH_PATHS = (
					"$(inherited)",
					"@executable_path/Frameworks",
				);
				PRODUCT_BUNDLE_IDENTIFIER = kr.pio.StudyRxSwift;
				PRODUCT_NAME = "$(TARGET_NAME)";
				SWIFT_VERSION = 5.0;
				TARGETED_DEVICE_FAMILY = "1,2";
			};
			name = Debug;
		};
		D45D9169261581510023FEB3 /* Release */ = {
			isa = XCBuildConfiguration;
			baseConfigurationReference = 99B96B2B327C2C66E19CB29C /* Pods-StudyRxSwift.release.xcconfig */;
			buildSettings = {
				ASSETCATALOG_COMPILER_APPICON_NAME = AppIcon;
				ASSETCATALOG_COMPILER_GLOBAL_ACCENT_COLOR_NAME = AccentColor;
				CODE_SIGN_STYLE = Automatic;
				DEVELOPMENT_TEAM = 38DT2DCWWK;
				INFOPLIST_FILE = StudyRxSwift/Info.plist;
				LD_RUNPATH_SEARCH_PATHS = (
					"$(inherited)",
					"@executable_path/Frameworks",
				);
				PRODUCT_BUNDLE_IDENTIFIER = kr.pio.StudyRxSwift;
				PRODUCT_NAME = "$(TARGET_NAME)";
				SWIFT_VERSION = 5.0;
				TARGETED_DEVICE_FAMILY = "1,2";
			};
			name = Release;
		};
/* End XCBuildConfiguration section */

/* Begin XCConfigurationList section */
		D45D914E261581500023FEB3 /* Build configuration list for PBXProject "StudyRxSwift" */ = {
			isa = XCConfigurationList;
			buildConfigurations = (
				D45D9165261581510023FEB3 /* Debug */,
				D45D9166261581510023FEB3 /* Release */,
			);
			defaultConfigurationIsVisible = 0;
			defaultConfigurationName = Release;
		};
		D45D9167261581510023FEB3 /* Build configuration list for PBXNativeTarget "StudyRxSwift" */ = {
			isa = XCConfigurationList;
			buildConfigurations = (
				D45D9168261581510023FEB3 /* Debug */,
				D45D9169261581510023FEB3 /* Release */,
			);
			defaultConfigurationIsVisible = 0;
			defaultConfigurationName = Release;
		};
/* End XCConfigurationList section */
	};
	rootObject = D45D914B261581500023FEB3 /* Project object */;
}
